{
  "nodes": {
    "flake-utils": {
      "inputs": {
        "systems": [
          "systems"
        ]
      },
      "locked": {
        "lastModified": 1731533236,
        "narHash": "sha256-l0KFg5HjrsfsO/JpG+r7fRrqm12kzFHyUHqHCVpMMbI=",
        "owner": "numtide",
        "repo": "flake-utils",
        "rev": "11707dc2f618dd54ca8739b309ec4fc024de578b",
        "type": "github"
      },
      "original": {
        "owner": "numtide",
        "repo": "flake-utils",
        "type": "github"
      }
    },
    "flake-utils_2": {
      "inputs": {
        "systems": [
          "treefmt-conf",
          "systems"
        ]
      },
      "locked": {
        "lastModified": 1731533236,
        "narHash": "sha256-l0KFg5HjrsfsO/JpG+r7fRrqm12kzFHyUHqHCVpMMbI=",
        "owner": "numtide",
        "repo": "flake-utils",
        "rev": "11707dc2f618dd54ca8739b309ec4fc024de578b",
        "type": "github"
      },
      "original": {
        "owner": "numtide",
        "repo": "flake-utils",
        "type": "github"
      }
    },
    "nixpkgs": {
      "locked": {
        "lastModified": 1784796856,
        "narHash": "sha256-wWFrV5/Qbm+lyt5x20E/bSbfJiGKMo4RCxZV8cl/WZI=",
        "owner": "nixos",
        "repo": "nixpkgs",
        "rev": "e2587caef70cea85dd97d7daab492899902dbf5d",
        "type": "github"
      },
      "original": {
        "owner": "nixos",
        "ref": "nixos-unstable",
        "repo": "nixpkgs",
        "type": "github"
      }
    },
    "nixpkgs_2": {
      "locked": {
        "lastModified": 1770107345,
        "narHash": "sha256-tbS0Ebx2PiA1FRW8mt8oejR0qMXmziJmPaU1d4kYY9g=",
        "owner": "nixos",
        "repo": "nixpkgs",
        "rev": "4533d9293756b63904b7238acb84ac8fe4c8c2c4",
        "type": "github"
      },
      "original": {
        "owner": "nixos",
        "ref": "nixpkgs-unstable",
        "repo": "nixpkgs",
        "type": "github"
      }
    },
    "root": {
      "inputs": {
        "flake-utils": "flake-utils",
        "nixpkgs": "nixpkgs",
        "rust-overlay": "rust-overlay",
        "systems": "systems",
        "treefmt-conf": "treefmt-conf"
      }
    },
    "rust-overlay": {
      "inputs": {
        "nixpkgs": [
          "nixpkgs"
        ]
      },
      "locked": {
        "lastModified": 1784870759,
        "narHash": "sha256-ZaS89rj5u6pygXKDRfCzPMGm7isJxLsSeIAR5EaSyu8=",
        "owner": "oxalica",
        "repo": "rust-overlay",
        "rev": "471286a5fadc690e2408ad854eb32325f5e74da7",
        "type": "github"
      },
      "original": {
        "owner": "oxalica",
        "repo": "rust-overlay",
        "type": "github"
      }
    },
    "systems": {
      "locked": {
        "lastModified": 1783792730,
        "narHash": "sha256-ApnNbG+2njpIqduSLPmolzoUHEdKpOnZZbpFeTMDfC4=",
        "owner": "vpayno",
        "repo": "nix-systems-default",
        "rev": "1441610a0700437da803d8f457e1b3f4ac65e241",
        "type": "github"
      },
      "original": {
        "owner": "vpayno",
        "repo": "nix-systems-default",
        "type": "github"
      }
    },
    "systems_2": {
      "locked": {
        "lastModified": 1742830553,
        "narHash": "sha256-I1BUioTi7BrADr0ZYC3ywEBp+RBQrNp4cUMyA0y5V2M=",
        "owner": "vpayno",
        "repo": "nix-systems-default",
        "rev": "ceefe711240012803f168f271a2aae7c1c3653cf",
        "type": "github"
      },
      "original": {
        "owner": "vpayno",
        "repo": "nix-systems-default",
        "type": "github"
      }
    },
    "treefmt-conf": {
      "inputs": {
        "flake-utils": "flake-utils_2",
        "nixpkgs": [
          "nixpkgs"
        ],
        "systems": "systems_2",
        "treefmt-nix": "treefmt-nix"
      },
      "locked": {
        "lastModified": 1783129446,
        "narHash": "sha256-ZJh/QJwmhMByQ0cV2MFf82TuGS41xpZSwfzTY7fQsA4=",
        "owner": "vpayno",
        "repo": "nix-treefmt-conf",
        "rev": "1aefdf2536a190f91e1341a3e56eb930f3cfca8b",
        "type": "github"
      },
      "original": {
        "owner": "vpayno",
        "repo": "nix-treefmt-conf",
        "type": "github"
      }
    },
    "treefmt-nix": {
      "inputs": {
        "nixpkgs": "nixpkgs_2"
      },
      "locked": {
        "lastModified": 1780220602,
        "narHash": "sha256-eynAfOmbmxJnkp7YewvCEbShNnnYJ9gLLqkzsYtBPeM=",
        "owner": "numtide",
        "repo": "treefmt-nix",
        "rev": "db947814a175b7ca6ded66e21383d938df01c227",
        "type": "github"
      },
      "original": {
        "owner": "numtide",
        "repo": "treefmt-nix",
        "type": "github"
      }
    }
  },
  "root": "root",
  "version": 7
}
